
Microsoft Visual Studio Solution File, Format Version 12.00
# Visual Studio Version 17
VisualStudioVersion = 17.5.002.0
MinimumVisualStudioVersion = 10.0.40219.1
Project("{9A19103F-16F7-4668-BE54-9A1E7A4F7556}") = "Catalog.Infrastructure.Persistence", "Catalog.Infrastructure.Persistence.csproj", "{AF7D68E6-D211-4254-8405-C3E0E0287800}"
EndProject
Global
	GlobalSection(SolutionConfigurationPlatforms) = preSolution
		Debug|Any CPU = Debug|Any CPU
		Release|Any CPU = Release|Any CPU
	EndGlobalSection
	GlobalSection(ProjectConfigurationPlatforms) = postSolution
		{AF7D68E6-D211-4254-8405-C3E0E0287800}.Debug|Any CPU.ActiveCfg = Debug|Any CPU
		{AF7D68E6-D211-4254-8405-C3E0E0287800}.Debug|Any CPU.Build.0 = Debug|Any CPU
		{AF7D68E6-D211-4254-8405-C3E0E0287800}.Release|Any CPU.ActiveCfg = Release|Any CPU
		{AF7D68E6-D211-4254-8405-C3E0E0287800}.Release|Any CPU.Build.0 = Release|Any CPU
	EndGlobalSection
	GlobalSection(SolutionProperties) = preSolution
		HideSolutionNode = FALSE
	EndGlobalSection
	GlobalSection(ExtensibilityGlobals) = postSolution
		SolutionGuid = {0B1C4E3C-55FD-48D8-95AF-ED53FDC3CBAB}
	EndGlobalSection
EndGlobal
