
Microsoft Visual Studio Solution File, Format Version 12.00
# Visual Studio Version 17
VisualStudioVersion = 17.12.35527.113
MinimumVisualStudioVersion = 10.0.40219.1
Project("{54A90642-561A-4BB1-A94E-469ADEE60C69}") = "generator", "generator\generator.esproj", "{0811DBA6-4FB8-4C64-B698-D9DD08B8365E}"
EndProject
Project("{54A90642-561A-4BB1-A94E-469ADEE60C69}") = "admin-dashboard", "admin-dashboard\admin-dashboard.esproj", "{75F45587-D134-6463-FDC1-CF60E6A4F32B}"
EndProject
Project("{2150E333-8FDC-42A3-9474-1A3956D46DE8}") = "Presentation", "Presentation", "{02EA681E-C7D8-13C7-8484-4AC65E1B71E8}"
EndProject
Global
	GlobalSection(SolutionConfigurationPlatforms) = preSolution
		Debug|Any CPU = Debug|Any CPU
		Release|Any CPU = Release|Any CPU
	EndGlobalSection
	GlobalSection(ProjectConfigurationPlatforms) = postSolution
		{0811DBA6-4FB8-4C64-B698-D9DD08B8365E}.Debug|Any CPU.ActiveCfg = Debug|Any CPU
		{0811DBA6-4FB8-4C64-B698-D9DD08B8365E}.Debug|Any CPU.Build.0 = Debug|Any CPU
		{0811DBA6-4FB8-4C64-B698-D9DD08B8365E}.Debug|Any CPU.Deploy.0 = Debug|Any CPU
		{0811DBA6-4FB8-4C64-B698-D9DD08B8365E}.Release|Any CPU.ActiveCfg = Release|Any CPU
		{0811DBA6-4FB8-4C64-B698-D9DD08B8365E}.Release|Any CPU.Build.0 = Release|Any CPU
		{0811DBA6-4FB8-4C64-B698-D9DD08B8365E}.Release|Any CPU.Deploy.0 = Release|Any CPU
		{75F45587-D134-6463-FDC1-CF60E6A4F32B}.Debug|Any CPU.ActiveCfg = Debug|Any CPU
		{75F45587-D134-6463-FDC1-CF60E6A4F32B}.Debug|Any CPU.Build.0 = Debug|Any CPU
		{75F45587-D134-6463-FDC1-CF60E6A4F32B}.Debug|Any CPU.Deploy.0 = Debug|Any CPU
		{75F45587-D134-6463-FDC1-CF60E6A4F32B}.Release|Any CPU.ActiveCfg = Release|Any CPU
		{75F45587-D134-6463-FDC1-CF60E6A4F32B}.Release|Any CPU.Build.0 = Release|Any CPU
		{75F45587-D134-6463-FDC1-CF60E6A4F32B}.Release|Any CPU.Deploy.0 = Release|Any CPU
	EndGlobalSection
	GlobalSection(SolutionProperties) = preSolution
		HideSolutionNode = FALSE
	EndGlobalSection
	GlobalSection(NestedProjects) = preSolution
		{0811DBA6-4FB8-4C64-B698-D9DD08B8365E} = {02EA681E-C7D8-13C7-8484-4AC65E1B71E8}
		{75F45587-D134-6463-FDC1-CF60E6A4F32B} = {02EA681E-C7D8-13C7-8484-4AC65E1B71E8}
	EndGlobalSection
	GlobalSection(ExtensibilityGlobals) = postSolution
		SolutionGuid = {84E08743-D2C4-49FA-BBE1-FF385410AF8D}
	EndGlobalSection
EndGlobal
